// !$*UTF8*$!
{
	archiveVersion = 1;
	classes = {
	};
	objectVersion = 46;
	objects = {

/* Begin PBXBuildFile section */
		1699F8121F160424004C0B66 /* AppDelegate.swift in Sources */ = {isa = PBXBuildFile; fileRef = 1699F8111F160424004C0B66 /* AppDelegate.swift */; };
		1699F8191F160424004C0B66 /* Assets.xcassets in Resources */ = {isa = PBXBuildFile; fileRef = 1699F8181F160424004C0B66 /* Assets.xcassets */; };
		1699F81C1F160424004C0B66 /* LaunchScreen.storyboard in Resources */ = {isa = PBXBuildFile; fileRef = 1699F81A1F160424004C0B66 /* LaunchScreen.storyboard */; };
		1699F8271F160424004C0B66 /* JinRongTests.swift in Sources */ = {isa = PBXBuildFile; fileRef = 1699F8261F160424004C0B66 /* JinRongTests.swift */; };
		1699F8321F160424004C0B66 /* JinRongUITests.swift in Sources */ = {isa = PBXBuildFile; fileRef = 1699F8311F160424004C0B66 /* JinRongUITests.swift */; };
		1699F8561F160D13004C0B66 /* MainController.swift in Sources */ = {isa = PBXBuildFile; fileRef = 1699F8551F160D13004C0B66 /* MainController.swift */; };
		1699F8581F160D56004C0B66 /* BaseController.swift in Sources */ = {isa = PBXBuildFile; fileRef = 1699F8571F160D56004C0B66 /* BaseController.swift */; };
		1699F85A1F160F73004C0B66 /* AuthController.swift in Sources */ = {isa = PBXBuildFile; fileRef = 1699F8591F160F73004C0B66 /* AuthController.swift */; };
		1699F85C1F160F8A004C0B66 /* BillController.swift in Sources */ = {isa = PBXBuildFile; fileRef = 1699F85B1F160F8A004C0B66 /* BillController.swift */; };
		1699F85E1F160F9A004C0B66 /* BorrowController.swift in Sources */ = {isa = PBXBuildFile; fileRef = 1699F85D1F160F9A004C0B66 /* BorrowController.swift */; };
		1699F8601F160FAD004C0B66 /* ProfileController.swift in Sources */ = {isa = PBXBuildFile; fileRef = 1699F85F1F160FAD004C0B66 /* ProfileController.swift */; };
		1699F8621F160FEE004C0B66 /* BaseNavigationController.swift in Sources */ = {isa = PBXBuildFile; fileRef = 1699F8611F160FEE004C0B66 /* BaseNavigationController.swift */; };
		1699F86B1F162E5F004C0B66 /* UIImage(Extension).swift in Sources */ = {isa = PBXBuildFile; fileRef = 1699F86A1F162E5F004C0B66 /* UIImage(Extension).swift */; };
		1699F86D1F16330E004C0B66 /* UIColor(extension).swift in Sources */ = {isa = PBXBuildFile; fileRef = 1699F86C1F16330E004C0B66 /* UIColor(extension).swift */; };
		1699F8711F1714FA004C0B66 /* ApplyCell.swift in Sources */ = {isa = PBXBuildFile; fileRef = 1699F8701F1714FA004C0B66 /* ApplyCell.swift */; };
		1699F8731F1760F9004C0B66 /* ProgressCell.swift in Sources */ = {isa = PBXBuildFile; fileRef = 1699F8721F1760F9004C0B66 /* ProgressCell.swift */; };
		1699F8751F1778B8004C0B66 /* BasicInfoCell.swift in Sources */ = {isa = PBXBuildFile; fileRef = 1699F8741F1778B8004C0B66 /* BasicInfoCell.swift */; };
		1699F8771F177A06004C0B66 /* UIButton(extension).swift in Sources */ = {isa = PBXBuildFile; fileRef = 1699F8761F177A06004C0B66 /* UIButton(extension).swift */; };
		1699F8791F186A45004C0B66 /* SumCell.swift in Sources */ = {isa = PBXBuildFile; fileRef = 1699F8781F186A45004C0B66 /* SumCell.swift */; };
		1699F87B1F189FB5004C0B66 /* BillCell.swift in Sources */ = {isa = PBXBuildFile; fileRef = 1699F87A1F189FB5004C0B66 /* BillCell.swift */; };
		1699F87D1F18B481004C0B66 /* RepaidCell.swift in Sources */ = {isa = PBXBuildFile; fileRef = 1699F87C1F18B481004C0B66 /* RepaidCell.swift */; };
		1699F8801F18CCE5004C0B66 /* placeholder@2x.png in Resources */ = {isa = PBXBuildFile; fileRef = 1699F87F1F18CCE5004C0B66 /* placeholder@2x.png */; };
		1699F8821F18D31B004C0B66 /* icon_setting@2x.png in Resources */ = {isa = PBXBuildFile; fileRef = 1699F8811F18D31B004C0B66 /* icon_setting@2x.png */; };
		1699F8841F19BB6A004C0B66 /* BorrowDetailVC.swift in Sources */ = {isa = PBXBuildFile; fileRef = 1699F8831F19BB6A004C0B66 /* BorrowDetailVC.swift */; };
		1699F88A1F19CCB3004C0B66 /* DottedView.swift in Sources */ = {isa = PBXBuildFile; fileRef = 1699F8891F19CCB3004C0B66 /* DottedView.swift */; };
		1699F8911F1B6E38004C0B66 /* agree_normal@2x.png in Resources */ = {isa = PBXBuildFile; fileRef = 1699F88F1F1B6E38004C0B66 /* agree_normal@2x.png */; };
		1699F8921F1B6E38004C0B66 /* agree_select@2x.png in Resources */ = {isa = PBXBuildFile; fileRef = 1699F8901F1B6E38004C0B66 /* agree_select@2x.png */; };
		2AF38017F462E457BA98EEF5 /* Pods_JinRongTests.framework in Frameworks */ = {isa = PBXBuildFile; fileRef = DD8F18E518BD2CAA2AEB357E /* Pods_JinRongTests.framework */; };
		643A98E565BD6CBD70038D30 /* Pods_JinRong.framework in Frameworks */ = {isa = PBXBuildFile; fileRef = 251D52C0BBCFB2067ED48A2F /* Pods_JinRong.framework */; };
		9F2EA565C967F1641111E2E1 /* Pods_JinRongUITests.framework in Frameworks */ = {isa = PBXBuildFile; fileRef = 28D71332E35CA48954E8402A /* Pods_JinRongUITests.framework */; };
/* End PBXBuildFile section */

/* Begin PBXContainerItemProxy section */
		1699F8231F160424004C0B66 /* PBXContainerItemProxy */ = {
			isa = PBXContainerItemProxy;
			containerPortal = 1699F8061F160424004C0B66 /* Project object */;
			proxyType = 1;
			remoteGlobalIDString = 1699F80D1F160424004C0B66;
			remoteInfo = JinRong;
		};
		1699F82E1F160424004C0B66 /* PBXContainerItemProxy */ = {
			isa = PBXContainerItemProxy;
			containerPortal = 1699F8061F160424004C0B66 /* Project object */;
			proxyType = 1;
			remoteGlobalIDString = 1699F80D1F160424004C0B66;
			remoteInfo = JinRong;
		};
/* End PBXContainerItemProxy section */

/* Begin PBXFileReference section */
		1699F80E1F160424004C0B66 /* JinRong.app */ = {isa = PBXFileReference; explicitFileType = wrapper.application; includeInIndex = 0; path = JinRong.app; sourceTree = BUILT_PRODUCTS_DIR; };
		1699F8111F160424004C0B66 /* AppDelegate.swift */ = {isa = PBXFileReference; lastKnownFileType = sourcecode.swift; path = AppDelegate.swift; sourceTree = "<group>"; };
		1699F8181F160424004C0B66 /* Assets.xcassets */ = {isa = PBXFileReference; lastKnownFileType = folder.assetcatalog; path = Assets.xcassets; sourceTree = "<group>"; };
		1699F81B1F160424004C0B66 /* Base */ = {isa = PBXFileReference; lastKnownFileType = file.storyboard; name = Base; path = Base.lproj/LaunchScreen.storyboard; sourceTree = "<group>"; };
		1699F81D1F160424004C0B66 /* Info.plist */ = {isa = PBXFileReference; lastKnownFileType = text.plist.xml; path = Info.plist; sourceTree = "<group>"; };
		1699F8221F160424004C0B66 /* JinRongTests.xctest */ = {isa = PBXFileReference; explicitFileType = wrapper.cfbundle; includeInIndex = 0; path = JinRongTests.xctest; sourceTree = BUILT_PRODUCTS_DIR; };
		1699F8261F160424004C0B66 /* JinRongTests.swift */ = {isa = PBXFileReference; lastKnownFileType = sourcecode.swift; path = JinRongTests.swift; sourceTree = "<group>"; };
		1699F8281F160424004C0B66 /* Info.plist */ = {isa = PBXFileReference; lastKnownFileType = text.plist.xml; path = Info.plist; sourceTree = "<group>"; };
		1699F82D1F160424004C0B66 /* JinRongUITests.xctest */ = {isa = PBXFileReference; explicitFileType = wrapper.cfbundle; includeInIndex = 0; path = JinRongUITests.xctest; sourceTree = BUILT_PRODUCTS_DIR; };
		1699F8311F160424004C0B66 /* JinRongUITests.swift */ = {isa = PBXFileReference; lastKnownFileType = sourcecode.swift; path = JinRongUITests.swift; sourceTree = "<group>"; };
		1699F8331F160424004C0B66 /* Info.plist */ = {isa = PBXFileReference; lastKnownFileType = text.plist.xml; path = Info.plist; sourceTree = "<group>"; };
		1699F8551F160D13004C0B66 /* MainController.swift */ = {isa = PBXFileReference; fileEncoding = 4; lastKnownFileType = sourcecode.swift; path = MainController.swift; sourceTree = "<group>"; };
		1699F8571F160D56004C0B66 /* BaseController.swift */ = {isa = PBXFileReference; fileEncoding = 4; lastKnownFileType = sourcecode.swift; path = BaseController.swift; sourceTree = "<group>"; };
		1699F8591F160F73004C0B66 /* AuthController.swift */ = {isa = PBXFileReference; fileEncoding = 4; lastKnownFileType = sourcecode.swift; path = AuthController.swift; sourceTree = "<group>"; };
		1699F85B1F160F8A004C0B66 /* BillController.swift */ = {isa = PBXFileReference; fileEncoding = 4; lastKnownFileType = sourcecode.swift; path = BillController.swift; sourceTree = "<group>"; };
		1699F85D1F160F9A004C0B66 /* BorrowController.swift */ = {isa = PBXFileReference; fileEncoding = 4; lastKnownFileType = sourcecode.swift; path = BorrowController.swift; sourceTree = "<group>"; };
		1699F85F1F160FAD004C0B66 /* ProfileController.swift */ = {isa = PBXFileReference; fileEncoding = 4; lastKnownFileType = sourcecode.swift; path = ProfileController.swift; sourceTree = "<group>"; };
		1699F8611F160FEE004C0B66 /* BaseNavigationController.swift */ = {isa = PBXFileReference; fileEncoding = 4; lastKnownFileType = sourcecode.swift; path = BaseNavigationController.swift; sourceTree = "<group>"; };
		1699F86A1F162E5F004C0B66 /* UIImage(Extension).swift */ = {isa = PBXFileReference; fileEncoding = 4; lastKnownFileType = sourcecode.swift; path = "UIImage(Extension).swift"; sourceTree = "<group>"; };
		1699F86C1F16330E004C0B66 /* UIColor(extension).swift */ = {isa = PBXFileReference; fileEncoding = 4; lastKnownFileType = sourcecode.swift; path = "UIColor(extension).swift"; sourceTree = "<group>"; };
		1699F8701F1714FA004C0B66 /* ApplyCell.swift */ = {isa = PBXFileReference; fileEncoding = 4; lastKnownFileType = sourcecode.swift; path = ApplyCell.swift; sourceTree = "<group>"; };
		1699F8721F1760F9004C0B66 /* ProgressCell.swift */ = {isa = PBXFileReference; fileEncoding = 4; lastKnownFileType = sourcecode.swift; path = ProgressCell.swift; sourceTree = "<group>"; };
		1699F8741F1778B8004C0B66 /* BasicInfoCell.swift */ = {isa = PBXFileReference; fileEncoding = 4; lastKnownFileType = sourcecode.swift; path = BasicInfoCell.swift; sourceTree = "<group>"; };
		1699F8761F177A06004C0B66 /* UIButton(extension).swift */ = {isa = PBXFileReference; fileEncoding = 4; lastKnownFileType = sourcecode.swift; path = "UIButton(extension).swift"; sourceTree = "<group>"; };
		1699F8781F186A45004C0B66 /* SumCell.swift */ = {isa = PBXFileReference; fileEncoding = 4; lastKnownFileType = sourcecode.swift; path = SumCell.swift; sourceTree = "<group>"; };
		1699F87A1F189FB5004C0B66 /* BillCell.swift */ = {isa = PBXFileReference; fileEncoding = 4; lastKnownFileType = sourcecode.swift; path = BillCell.swift; sourceTree = "<group>"; };
		1699F87C1F18B481004C0B66 /* RepaidCell.swift */ = {isa = PBXFileReference; fileEncoding = 4; lastKnownFileType = sourcecode.swift; path = RepaidCell.swift; sourceTree = "<group>"; };
		1699F87F1F18CCE5004C0B66 /* placeholder@2x.png */ = {isa = PBXFileReference; lastKnownFileType = image.png; path = "placeholder@2x.png"; sourceTree = "<group>"; };
		1699F8811F18D31B004C0B66 /* icon_setting@2x.png */ = {isa = PBXFileReference; lastKnownFileType = image.png; path = "icon_setting@2x.png"; sourceTree = "<group>"; };
		1699F8831F19BB6A004C0B66 /* BorrowDetailVC.swift */ = {isa = PBXFileReference; fileEncoding = 4; lastKnownFileType = sourcecode.swift; path = BorrowDetailVC.swift; sourceTree = "<group>"; };
		1699F8891F19CCB3004C0B66 /* DottedView.swift */ = {isa = PBXFileReference; fileEncoding = 4; lastKnownFileType = sourcecode.swift; path = DottedView.swift; sourceTree = "<group>"; };
		1699F88F1F1B6E38004C0B66 /* agree_normal@2x.png */ = {isa = PBXFileReference; lastKnownFileType = image.png; path = "agree_normal@2x.png"; sourceTree = "<group>"; };
		1699F8901F1B6E38004C0B66 /* agree_select@2x.png */ = {isa = PBXFileReference; lastKnownFileType = image.png; path = "agree_select@2x.png"; sourceTree = "<group>"; };
		251D52C0BBCFB2067ED48A2F /* Pods_JinRong.framework */ = {isa = PBXFileReference; explicitFileType = wrapper.framework; includeInIndex = 0; path = Pods_JinRong.framework; sourceTree = BUILT_PRODUCTS_DIR; };
		2537D79DAE90681DB8689C49 /* Pods-JinRong.release.xcconfig */ = {isa = PBXFileReference; includeInIndex = 1; lastKnownFileType = text.xcconfig; name = "Pods-JinRong.release.xcconfig"; path = "Pods/Target Support Files/Pods-JinRong/Pods-JinRong.release.xcconfig"; sourceTree = "<group>"; };
		28D71332E35CA48954E8402A /* Pods_JinRongUITests.framework */ = {isa = PBXFileReference; explicitFileType = wrapper.framework; includeInIndex = 0; path = Pods_JinRongUITests.framework; sourceTree = BUILT_PRODUCTS_DIR; };
		5A9130589501CEA61A769ABD /* Pods-JinRongTests.release.xcconfig */ = {isa = PBXFileReference; includeInIndex = 1; lastKnownFileType = text.xcconfig; name = "Pods-JinRongTests.release.xcconfig"; path = "Pods/Target Support Files/Pods-JinRongTests/Pods-JinRongTests.release.xcconfig"; sourceTree = "<group>"; };
		80E5489C48DADBAACF184608 /* Pods-JinRong.debug.xcconfig */ = {isa = PBXFileReference; includeInIndex = 1; lastKnownFileType = text.xcconfig; name = "Pods-JinRong.debug.xcconfig"; path = "Pods/Target Support Files/Pods-JinRong/Pods-JinRong.debug.xcconfig"; sourceTree = "<group>"; };
		8E1043B6634AFB211E3383AA /* Pods-JinRongTests.debug.xcconfig */ = {isa = PBXFileReference; includeInIndex = 1; lastKnownFileType = text.xcconfig; name = "Pods-JinRongTests.debug.xcconfig"; path = "Pods/Target Support Files/Pods-JinRongTests/Pods-JinRongTests.debug.xcconfig"; sourceTree = "<group>"; };
		9C65F0F775994FD41CB6E162 /* Pods-JinRongUITests.release.xcconfig */ = {isa = PBXFileReference; includeInIndex = 1; lastKnownFileType = text.xcconfig; name = "Pods-JinRongUITests.release.xcconfig"; path = "Pods/Target Support Files/Pods-JinRongUITests/Pods-JinRongUITests.release.xcconfig"; sourceTree = "<group>"; };
		DD8F18E518BD2CAA2AEB357E /* Pods_JinRongTests.framework */ = {isa = PBXFileReference; explicitFileType = wrapper.framework; includeInIndex = 0; path = Pods_JinRongTests.framework; sourceTree = BUILT_PRODUCTS_DIR; };
		E7D62D5C98476ECC39B9B499 /* Pods-JinRongUITests.debug.xcconfig */ = {isa = PBXFileReference; includeInIndex = 1; lastKnownFileType = text.xcconfig; name = "Pods-JinRongUITests.debug.xcconfig"; path = "Pods/Target Support Files/Pods-JinRongUITests/Pods-JinRongUITests.debug.xcconfig"; sourceTree = "<group>"; };
/* End PBXFileReference section */

/* Begin PBXFrameworksBuildPhase section */
		1699F80B1F160424004C0B66 /* Frameworks */ = {
			isa = PBXFrameworksBuildPhase;
			buildActionMask = 2147483647;
			files = (
				643A98E565BD6CBD70038D30 /* Pods_JinRong.framework in Frameworks */,
			);
			runOnlyForDeploymentPostprocessing = 0;
		};
		1699F81F1F160424004C0B66 /* Frameworks */ = {
			isa = PBXFrameworksBuildPhase;
			buildActionMask = 2147483647;
			files = (
				2AF38017F462E457BA98EEF5 /* Pods_JinRongTests.framework in Frameworks */,
			);
			runOnlyForDeploymentPostprocessing = 0;
		};
		1699F82A1F160424004C0B66 /* Frameworks */ = {
			isa = PBXFrameworksBuildPhase;
			buildActionMask = 2147483647;
			files = (
				9F2EA565C967F1641111E2E1 /* Pods_JinRongUITests.framework in Frameworks */,
			);
			runOnlyForDeploymentPostprocessing = 0;
		};
/* End PBXFrameworksBuildPhase section */

/* Begin PBXGroup section */
		1699F8051F160424004C0B66 = {
			isa = PBXGroup;
			children = (
				1699F8101F160424004C0B66 /* JinRong */,
				1699F8251F160424004C0B66 /* JinRongTests */,
				1699F8301F160424004C0B66 /* JinRongUITests */,
				1699F80F1F160424004C0B66 /* Products */,
				FDE329A6C2EFEA526B93BF01 /* Pods */,
				4C7218AAC3EC7F55AA1C7549 /* Frameworks */,
			);
			sourceTree = "<group>";
		};
		1699F80F1F160424004C0B66 /* Products */ = {
			isa = PBXGroup;
			children = (
				1699F80E1F160424004C0B66 /* JinRong.app */,
				1699F8221F160424004C0B66 /* JinRongTests.xctest */,
				1699F82D1F160424004C0B66 /* JinRongUITests.xctest */,
			);
			name = Products;
			sourceTree = "<group>";
		};
		1699F8101F160424004C0B66 /* JinRong */ = {
			isa = PBXGroup;
			children = (
				1699F83F1F160C7B004C0B66 /* Classes */,
				1699F8111F160424004C0B66 /* AppDelegate.swift */,
				1699F8181F160424004C0B66 /* Assets.xcassets */,
				1699F81A1F160424004C0B66 /* LaunchScreen.storyboard */,
				1699F81D1F160424004C0B66 /* Info.plist */,
			);
			path = JinRong;
			sourceTree = "<group>";
		};
		1699F8251F160424004C0B66 /* JinRongTests */ = {
			isa = PBXGroup;
			children = (
				1699F8261F160424004C0B66 /* JinRongTests.swift */,
				1699F8281F160424004C0B66 /* Info.plist */,
			);
			path = JinRongTests;
			sourceTree = "<group>";
		};
		1699F8301F160424004C0B66 /* JinRongUITests */ = {
			isa = PBXGroup;
			children = (
				1699F8311F160424004C0B66 /* JinRongUITests.swift */,
				1699F8331F160424004C0B66 /* Info.plist */,
			);
			path = JinRongUITests;
			sourceTree = "<group>";
		};
		1699F83F1F160C7B004C0B66 /* Classes */ = {
			isa = PBXGroup;
			children = (
				1699F8501F160C7B004C0B66 /* Main(主控制器) */,
				1699F84C1F160C7B004C0B66 /* LoginRegist(登录注册) */,
				1699F8481F160C7B004C0B66 /* Borrow(借款) */,
				1699F8401F160C7B004C0B66 /* Authentication(认证) */,
				1699F8441F160C7B004C0B66 /* Bill(账单) */,
				1699F8511F160C7B004C0B66 /* Profile(我的) */,
				1699F8631F162979004C0B66 /* Category */,
				1699F8641F162979004C0B66 /* Tools(工具) */,
				1699F8651F162979004C0B66 /* Vender(第三方) */,
			);
			path = Classes;
			sourceTree = "<group>";
		};
		1699F8401F160C7B004C0B66 /* Authentication(认证) */ = {
			isa = PBXGroup;
			children = (
				1699F8411F160C7B004C0B66 /* Controller */,
				1699F8421F160C7B004C0B66 /* Model */,
				1699F8431F160C7B004C0B66 /* View */,
			);
			path = "Authentication(认证)";
			sourceTree = "<group>";
		};
		1699F8411F160C7B004C0B66 /* Controller */ = {
			isa = PBXGroup;
			children = (
				1699F8591F160F73004C0B66 /* AuthController.swift */,
			);
			path = Controller;
			sourceTree = "<group>";
		};
		1699F8421F160C7B004C0B66 /* Model */ = {
			isa = PBXGroup;
			children = (
			);
			path = Model;
			sourceTree = "<group>";
		};
		1699F8431F160C7B004C0B66 /* View */ = {
			isa = PBXGroup;
			children = (
				1699F8741F1778B8004C0B66 /* BasicInfoCell.swift */,
			);
			path = View;
			sourceTree = "<group>";
		};
		1699F8441F160C7B004C0B66 /* Bill(账单) */ = {
			isa = PBXGroup;
			children = (
				1699F8451F160C7B004C0B66 /* Controller */,
				1699F8461F160C7B004C0B66 /* Model */,
				1699F8471F160C7B004C0B66 /* View */,
			);
			path = "Bill(账单)";
			sourceTree = "<group>";
		};
		1699F8451F160C7B004C0B66 /* Controller */ = {
			isa = PBXGroup;
			children = (
				1699F85B1F160F8A004C0B66 /* BillController.swift */,
			);
			path = Controller;
			sourceTree = "<group>";
		};
		1699F8461F160C7B004C0B66 /* Model */ = {
			isa = PBXGroup;
			children = (
			);
			path = Model;
			sourceTree = "<group>";
		};
		1699F8471F160C7B004C0B66 /* View */ = {
			isa = PBXGroup;
			children = (
				1699F8781F186A45004C0B66 /* SumCell.swift */,
				1699F87A1F189FB5004C0B66 /* BillCell.swift */,
				1699F87C1F18B481004C0B66 /* RepaidCell.swift */,
			);
			path = View;
			sourceTree = "<group>";
		};
		1699F8481F160C7B004C0B66 /* Borrow(借款) */ = {
			isa = PBXGroup;
			children = (
				1699F8491F160C7B004C0B66 /* Controller */,
				1699F84A1F160C7B004C0B66 /* Model */,
				1699F84B1F160C7B004C0B66 /* View */,
				1699F88E1F1B6E2A004C0B66 /* Source */,
			);
			path = "Borrow(借款)";
			sourceTree = "<group>";
		};
		1699F8491F160C7B004C0B66 /* Controller */ = {
			isa = PBXGroup;
			children = (
				1699F85D1F160F9A004C0B66 /* BorrowController.swift */,
				1699F8831F19BB6A004C0B66 /* BorrowDetailVC.swift */,
			);
			path = Controller;
			sourceTree = "<group>";
		};
		1699F84A1F160C7B004C0B66 /* Model */ = {
			isa = PBXGroup;
			children = (
			);
			path = Model;
			sourceTree = "<group>";
		};
		1699F84B1F160C7B004C0B66 /* View */ = {
			isa = PBXGroup;
			children = (
				1699F8701F1714FA004C0B66 /* ApplyCell.swift */,
				1699F8721F1760F9004C0B66 /* ProgressCell.swift */,
				1699F8891F19CCB3004C0B66 /* DottedView.swift */,
			);
			path = View;
			sourceTree = "<group>";
		};
		1699F84C1F160C7B004C0B66 /* LoginRegist(登录注册) */ = {
			isa = PBXGroup;
			children = (
				1699F84D1F160C7B004C0B66 /* Controller */,
				1699F84E1F160C7B004C0B66 /* Model */,
				1699F84F1F160C7B004C0B66 /* View */,
			);
			path = "LoginRegist(登录注册)";
			sourceTree = "<group>";
		};
		1699F84D1F160C7B004C0B66 /* Controller */ = {
			isa = PBXGroup;
			children = (
			);
			path = Controller;
			sourceTree = "<group>";
		};
		1699F84E1F160C7B004C0B66 /* Model */ = {
			isa = PBXGroup;
			children = (
			);
			path = Model;
			sourceTree = "<group>";
		};
		1699F84F1F160C7B004C0B66 /* View */ = {
			isa = PBXGroup;
			children = (
			);
			path = View;
			sourceTree = "<group>";
		};
		1699F8501F160C7B004C0B66 /* Main(主控制器) */ = {
			isa = PBXGroup;
			children = (
				1699F8551F160D13004C0B66 /* MainController.swift */,
				1699F8611F160FEE004C0B66 /* BaseNavigationController.swift */,
				1699F8571F160D56004C0B66 /* BaseController.swift */,
			);
			path = "Main(主控制器)";
			sourceTree = "<group>";
		};
		1699F8511F160C7B004C0B66 /* Profile(我的) */ = {
			isa = PBXGroup;
			children = (
				1699F8521F160C7B004C0B66 /* Controller */,
				1699F8531F160C7B004C0B66 /* Model */,
				1699F8541F160C7B004C0B66 /* View */,
				1699F87E1F18CCB8004C0B66 /* Source */,
			);
			path = "Profile(我的)";
			sourceTree = "<group>";
		};
		1699F8521F160C7B004C0B66 /* Controller */ = {
			isa = PBXGroup;
			children = (
				1699F85F1F160FAD004C0B66 /* ProfileController.swift */,
			);
			path = Controller;
			sourceTree = "<group>";
		};
		1699F8531F160C7B004C0B66 /* Model */ = {
			isa = PBXGroup;
			children = (
			);
			path = Model;
			sourceTree = "<group>";
		};
		1699F8541F160C7B004C0B66 /* View */ = {
			isa = PBXGroup;
			children = (
			);
			path = View;
			sourceTree = "<group>";
		};
		1699F8631F162979004C0B66 /* Category */ = {
			isa = PBXGroup;
			children = (
				1699F86A1F162E5F004C0B66 /* UIImage(Extension).swift */,
				1699F86C1F16330E004C0B66 /* UIColor(extension).swift */,
				1699F8761F177A06004C0B66 /* UIButton(extension).swift */,
			);
			path = Category;
			sourceTree = "<group>";
		};
		1699F8641F162979004C0B66 /* Tools(工具) */ = {
			isa = PBXGroup;
			children = (
			);
			path = "Tools(工具)";
			sourceTree = "<group>";
		};
		1699F8651F162979004C0B66 /* Vender(第三方) */ = {
			isa = PBXGroup;
			children = (
			);
			path = "Vender(第三方)";
			sourceTree = "<group>";
		};
		1699F87E1F18CCB8004C0B66 /* Source */ = {
			isa = PBXGroup;
			children = (
				1699F8811F18D31B004C0B66 /* icon_setting@2x.png */,
				1699F87F1F18CCE5004C0B66 /* placeholder@2x.png */,
			);
			path = Source;
			sourceTree = "<group>";
		};
		1699F88E1F1B6E2A004C0B66 /* Source */ = {
			isa = PBXGroup;
			children = (
				1699F88F1F1B6E38004C0B66 /* agree_normal@2x.png */,
				1699F8901F1B6E38004C0B66 /* agree_select@2x.png */,
			);
			path = Source;
			sourceTree = "<group>";
		};
		4C7218AAC3EC7F55AA1C7549 /* Frameworks */ = {
			isa = PBXGroup;
			children = (
				251D52C0BBCFB2067ED48A2F /* Pods_JinRong.framework */,
				DD8F18E518BD2CAA2AEB357E /* Pods_JinRongTests.framework */,
				28D71332E35CA48954E8402A /* Pods_JinRongUITests.framework */,
			);
			name = Frameworks;
			sourceTree = "<group>";
		};
		FDE329A6C2EFEA526B93BF01 /* Pods */ = {
			isa = PBXGroup;
			children = (
				80E5489C48DADBAACF184608 /* Pods-JinRong.debug.xcconfig */,
				2537D79DAE90681DB8689C49 /* Pods-JinRong.release.xcconfig */,
				8E1043B6634AFB211E3383AA /* Pods-JinRongTests.debug.xcconfig */,
				5A9130589501CEA61A769ABD /* Pods-JinRongTests.release.xcconfig */,
				E7D62D5C98476ECC39B9B499 /* Pods-JinRongUITests.debug.xcconfig */,
				9C65F0F775994FD41CB6E162 /* Pods-JinRongUITests.release.xcconfig */,
			);
			name = Pods;
			sourceTree = "<group>";
		};
/* End PBXGroup section */

/* Begin PBXNativeTarget section */
		1699F80D1F160424004C0B66 /* JinRong */ = {
			isa = PBXNativeTarget;
			buildConfigurationList = 1699F8361F160424004C0B66 /* Build configuration list for PBXNativeTarget "JinRong" */;
			buildPhases = (
				1A0226195B3B501237C627A8 /* [CP] Check Pods Manifest.lock */,
				1699F80A1F160424004C0B66 /* Sources */,
				1699F80B1F160424004C0B66 /* Frameworks */,
				1699F80C1F160424004C0B66 /* Resources */,
				C1911BEE7AB99B38AC3172E0 /* [CP] Embed Pods Frameworks */,
				B8579392908EF00703E7E3BD /* [CP] Copy Pods Resources */,
			);
			buildRules = (
			);
			dependencies = (
			);
			name = JinRong;
			productName = JinRong;
			productReference = 1699F80E1F160424004C0B66 /* JinRong.app */;
			productType = "com.apple.product-type.application";
		};
		1699F8211F160424004C0B66 /* JinRongTests */ = {
			isa = PBXNativeTarget;
			buildConfigurationList = 1699F8391F160424004C0B66 /* Build configuration list for PBXNativeTarget "JinRongTests" */;
			buildPhases = (
				2CE1CA2492068683ACEF6A30 /* [CP] Check Pods Manifest.lock */,
				1699F81E1F160424004C0B66 /* Sources */,
				1699F81F1F160424004C0B66 /* Frameworks */,
				1699F8201F160424004C0B66 /* Resources */,
				11705B8FB6B04AADF89F34E6 /* [CP] Embed Pods Frameworks */,
				5BE58AA3C72EDAEA38652F0C /* [CP] Copy Pods Resources */,
			);
			buildRules = (
			);
			dependencies = (
				1699F8241F160424004C0B66 /* PBXTargetDependency */,
			);
			name = JinRongTests;
			productName = JinRongTests;
			productReference = 1699F8221F160424004C0B66 /* JinRongTests.xctest */;
			productType = "com.apple.product-type.bundle.unit-test";
		};
		1699F82C1F160424004C0B66 /* JinRongUITests */ = {
			isa = PBXNativeTarget;
			buildConfigurationList = 1699F83C1F160424004C0B66 /* Build configuration list for PBXNativeTarget "JinRongUITests" */;
			buildPhases = (
				7E4C92163D0D5CE57C04A246 /* [CP] Check Pods Manifest.lock */,
				1699F8291F160424004C0B66 /* Sources */,
				1699F82A1F160424004C0B66 /* Frameworks */,
				1699F82B1F160424004C0B66 /* Resources */,
				C073E7604CED62A1F3B13198 /* [CP] Embed Pods Frameworks */,
				5E973DF196512B976AE8E69C /* [CP] Copy Pods Resources */,
			);
			buildRules = (
			);
			dependencies = (
				1699F82F1F160424004C0B66 /* PBXTargetDependency */,
			);
			name = JinRongUITests;
			productName = JinRongUITests;
			productReference = 1699F82D1F160424004C0B66 /* JinRongUITests.xctest */;
			productType = "com.apple.product-type.bundle.ui-testing";
		};
/* End PBXNativeTarget section */

/* Begin PBXProject section */
		1699F8061F160424004C0B66 /* Project object */ = {
			isa = PBXProject;
			attributes = {
				LastSwiftUpdateCheck = 0830;
				LastUpgradeCheck = 0830;
				ORGANIZATIONNAME = "乔伟成";
				TargetAttributes = {
					1699F80D1F160424004C0B66 = {
						CreatedOnToolsVersion = 8.3.3;
						DevelopmentTeam = ZY88EWA94M;
						ProvisioningStyle = Automatic;
					};
					1699F8211F160424004C0B66 = {
						CreatedOnToolsVersion = 8.3.3;
						DevelopmentTeam = ZY88EWA94M;
						ProvisioningStyle = Automatic;
						TestTargetID = 1699F80D1F160424004C0B66;
					};
					1699F82C1F160424004C0B66 = {
						CreatedOnToolsVersion = 8.3.3;
						DevelopmentTeam = ZY88EWA94M;
						ProvisioningStyle = Automatic;
						TestTargetID = 1699F80D1F160424004C0B66;
					};
				};
			};
			buildConfigurationList = 1699F8091F160424004C0B66 /* Build configuration list for PBXProject "JinRong" */;
			compatibilityVersion = "Xcode 3.2";
			developmentRegion = English;
			hasScannedForEncodings = 0;
			knownRegions = (
				en,
				Base,
			);
			mainGroup = 1699F8051F160424004C0B66;
			productRefGroup = 1699F80F1F160424004C0B66 /* Products */;
			projectDirPath = "";
			projectRoot = "";
			targets = (
				1699F80D1F160424004C0B66 /* JinRong */,
				1699F8211F160424004C0B66 /* JinRongTests */,
				1699F82C1F160424004C0B66 /* JinRongUITests */,
			);
		};
/* End PBXProject section */

/* Begin PBXResourcesBuildPhase section */
		1699F80C1F160424004C0B66 /* Resources */ = {
			isa = PBXResourcesBuildPhase;
			buildActionMask = 2147483647;
			files = (
				1699F81C1F160424004C0B66 /* LaunchScreen.storyboard in Resources */,
				1699F8191F160424004C0B66 /* Assets.xcassets in Resources */,
				1699F8911F1B6E38004C0B66 /* agree_normal@2x.png in Resources */,
				1699F8921F1B6E38004C0B66 /* agree_select@2x.png in Resources */,
				1699F8821F18D31B004C0B66 /* icon_setting@2x.png in Resources */,
				1699F8801F18CCE5004C0B66 /* placeholder@2x.png in Resources */,
			);
			runOnlyForDeploymentPostprocessing = 0;
		};
		1699F8201F160424004C0B66 /* Resources */ = {
			isa = PBXResourcesBuildPhase;
			buildActionMask = 2147483647;
			files = (
			);
			runOnlyForDeploymentPostprocessing = 0;
		};
		1699F82B1F160424004C0B66 /* Resources */ = {
			isa = PBXResourcesBuildPhase;
			buildActionMask = 2147483647;
			files = (
			);
			runOnlyForDeploymentPostprocessing = 0;
		};
/* End PBXResourcesBuildPhase section */

/* Begin PBXShellScriptBuildPhase section */
		11705B8FB6B04AADF89F34E6 /* [CP] Embed Pods Frameworks */ = {
			isa = PBXShellScriptBuildPhase;
			buildActionMask = 2147483647;
			files = (
			);
			inputPaths = (
			);
			name = "[CP] Embed Pods Frameworks";
			outputPaths = (
			);
			runOnlyForDeploymentPostprocessing = 0;
			shellPath = /bin/sh;
			shellScript = "\"${SRCROOT}/Pods/Target Support Files/Pods-JinRongTests/Pods-JinRongTests-frameworks.sh\"\n";
			showEnvVarsInLog = 0;
		};
		1A0226195B3B501237C627A8 /* [CP] Check Pods Manifest.lock */ = {
			isa = PBXShellScriptBuildPhase;
			buildActionMask = 2147483647;
			files = (
			);
			inputPaths = (
			);
			name = "[CP] Check Pods Manifest.lock";
			outputPaths = (
			);
			runOnlyForDeploymentPostprocessing = 0;
			shellPath = /bin/sh;
			shellScript = "diff \"${PODS_ROOT}/../Podfile.lock\" \"${PODS_ROOT}/Manifest.lock\" > /dev/null\nif [ $? != 0 ] ; then\n    # print error to STDERR\n    echo \"error: The sandbox is not in sync with the Podfile.lock. Run 'pod install' or update your CocoaPods installation.\" >&2\n    exit 1\nfi\n";
			showEnvVarsInLog = 0;
		};
		2CE1CA2492068683ACEF6A30 /* [CP] Check Pods Manifest.lock */ = {
			isa = PBXShellScriptBuildPhase;
			buildActionMask = 2147483647;
			files = (
			);
			inputPaths = (
			);
			name = "[CP] Check Pods Manifest.lock";
			outputPaths = (
			);
			runOnlyForDeploymentPostprocessing = 0;
			shellPath = /bin/sh;
			shellScript = "diff \"${PODS_ROOT}/../Podfile.lock\" \"${PODS_ROOT}/Manifest.lock\" > /dev/null\nif [ $? != 0 ] ; then\n    # print error to STDERR\n    echo \"error: The sandbox is not in sync with the Podfile.lock. Run 'pod install' or update your CocoaPods installation.\" >&2\n    exit 1\nfi\n";
			showEnvVarsInLog = 0;
		};
		5BE58AA3C72EDAEA38652F0C /* [CP] Copy Pods Resources */ = {
			isa = PBXShellScriptBuildPhase;
			buildActionMask = 2147483647;
			files = (
			);
			inputPaths = (
			);
			name = "[CP] Copy Pods Resources";
			outputPaths = (
			);
			runOnlyForDeploymentPostprocessing = 0;
			shellPath = /bin/sh;
			shellScript = "\"${SRCROOT}/Pods/Target Support Files/Pods-JinRongTests/Pods-JinRongTests-resources.sh\"\n";
			showEnvVarsInLog = 0;
		};
		5E973DF196512B976AE8E69C /* [CP] Copy Pods Resources */ = {
			isa = PBXShellScriptBuildPhase;
			buildActionMask = 2147483647;
			files = (
			);
			inputPaths = (
			);
			name = "[CP] Copy Pods Resources";
			outputPaths = (
			);
			runOnlyForDeploymentPostprocessing = 0;
			shellPath = /bin/sh;
			shellScript = "\"${SRCROOT}/Pods/Target Support Files/Pods-JinRongUITests/Pods-JinRongUITests-resources.sh\"\n";
			showEnvVarsInLog = 0;
		};
		7E4C92163D0D5CE57C04A246 /* [CP] Check Pods Manifest.lock */ = {
			isa = PBXShellScriptBuildPhase;
			buildActionMask = 2147483647;
			files = (
			);
			inputPaths = (
			);
			name = "[CP] Check Pods Manifest.lock";
			outputPaths = (
			);
			runOnlyForDeploymentPostprocessing = 0;
			shellPath = /bin/sh;
			shellScript = "diff \"${PODS_ROOT}/../Podfile.lock\" \"${PODS_ROOT}/Manifest.lock\" > /dev/null\nif [ $? != 0 ] ; then\n    # print error to STDERR\n    echo \"error: The sandbox is not in sync with the Podfile.lock. Run 'pod install' or update your CocoaPods installation.\" >&2\n    exit 1\nfi\n";
			showEnvVarsInLog = 0;
		};
		B8579392908EF00703E7E3BD /* [CP] Copy Pods Resources */ = {
			isa = PBXShellScriptBuildPhase;
			buildActionMask = 2147483647;
			files = (
			);
			inputPaths = (
			);
			name = "[CP] Copy Pods Resources";
			outputPaths = (
			);
			runOnlyForDeploymentPostprocessing = 0;
			shellPath = /bin/sh;
			shellScript = "\"${SRCROOT}/Pods/Target Support Files/Pods-JinRong/Pods-JinRong-resources.sh\"\n";
			showEnvVarsInLog = 0;
		};
		C073E7604CED62A1F3B13198 /* [CP] Embed Pods Frameworks */ = {
			isa = PBXShellScriptBuildPhase;
			buildActionMask = 2147483647;
			files = (
			);
			inputPaths = (
			);
			name = "[CP] Embed Pods Frameworks";
			outputPaths = (
			);
			runOnlyForDeploymentPostprocessing = 0;
			shellPath = /bin/sh;
			shellScript = "\"${SRCROOT}/Pods/Target Support Files/Pods-JinRongUITests/Pods-JinRongUITests-frameworks.sh\"\n";
			showEnvVarsInLog = 0;
		};
		C1911BEE7AB99B38AC3172E0 /* [CP] Embed Pods Frameworks */ = {
			isa = PBXShellScriptBuildPhase;
			buildActionMask = 2147483647;
			files = (
			);
			inputPaths = (
			);
			name = "[CP] Embed Pods Frameworks";
			outputPaths = (
			);
			runOnlyForDeploymentPostprocessing = 0;
			shellPath = /bin/sh;
			shellScript = "\"${SRCROOT}/Pods/Target Support Files/Pods-JinRong/Pods-JinRong-frameworks.sh\"\n";
			showEnvVarsInLog = 0;
		};
/* End PBXShellScriptBuildPhase section */

/* Begin PBXSourcesBuildPhase section */
		1699F80A1F160424004C0B66 /* Sources */ = {
			isa = PBXSourcesBuildPhase;
			buildActionMask = 2147483647;
			files = (
				1699F8841F19BB6A004C0B66 /* BorrowDetailVC.swift in Sources */,
				1699F8621F160FEE004C0B66 /* BaseNavigationController.swift in Sources */,
				1699F8601F160FAD004C0B66 /* ProfileController.swift in Sources */,
				1699F87D1F18B481004C0B66 /* RepaidCell.swift in Sources */,
				1699F8561F160D13004C0B66 /* MainController.swift in Sources */,
				1699F85C1F160F8A004C0B66 /* BillController.swift in Sources */,
				1699F88A1F19CCB3004C0B66 /* DottedView.swift in Sources */,
				1699F85A1F160F73004C0B66 /* AuthController.swift in Sources */,
				1699F8581F160D56004C0B66 /* BaseController.swift in Sources */,
				1699F85E1F160F9A004C0B66 /* BorrowController.swift in Sources */,
				1699F8121F160424004C0B66 /* AppDelegate.swift in Sources */,
				1699F8751F1778B8004C0B66 /* BasicInfoCell.swift in Sources */,
				1699F8711F1714FA004C0B66 /* ApplyCell.swift in Sources */,
				1699F86D1F16330E004C0B66 /* UIColor(extension).swift in Sources */,
				1699F8791F186A45004C0B66 /* SumCell.swift in Sources */,
				1699F87B1F189FB5004C0B66 /* BillCell.swift in Sources */,
				1699F8731F1760F9004C0B66 /* ProgressCell.swift in Sources */,
				1699F8771F177A06004C0B66 /* UIButton(extension).swift in Sources */,
				1699F86B1F162E5F004C0B66 /* UIImage(Extension).swift in Sources */,
			);
			runOnlyForDeploymentPostprocessing = 0;
		};
		1699F81E1F160424004C0B66 /* Sources */ = {
			isa = PBXSourcesBuildPhase;
			buildActionMask = 2147483647;
			files = (
				1699F8271F160424004C0B66 /* JinRongTests.swift in Sources */,
			);
			runOnlyForDeploymentPostprocessing = 0;
		};
		1699F8291F160424004C0B66 /* Sources */ = {
			isa = PBXSourcesBuildPhase;
			buildActionMask = 2147483647;
			files = (
				1699F8321F160424004C0B66 /* JinRongUITests.swift in Sources */,
			);
			runOnlyForDeploymentPostprocessing = 0;
		};
/* End PBXSourcesBuildPhase section */

/* Begin PBXTargetDependency section */
		1699F8241F160424004C0B66 /* PBXTargetDependency */ = {
			isa = PBXTargetDependency;
			target = 1699F80D1F160424004C0B66 /* JinRong */;
			targetProxy = 1699F8231F160424004C0B66 /* PBXContainerItemProxy */;
		};
		1699F82F1F160424004C0B66 /* PBXTargetDependency */ = {
			isa = PBXTargetDependency;
			target = 1699F80D1F160424004C0B66 /* JinRong */;
			targetProxy = 1699F82E1F160424004C0B66 /* PBXContainerItemProxy */;
		};
/* End PBXTargetDependency section */

/* Begin PBXVariantGroup section */
		1699F81A1F160424004C0B66 /* LaunchScreen.storyboard */ = {
			isa = PBXVariantGroup;
			children = (
				1699F81B1F160424004C0B66 /* Base */,
			);
			name = LaunchScreen.storyboard;
			sourceTree = "<group>";
		};
/* End PBXVariantGroup section */

/* Begin XCBuildConfiguration section */
		1699F8341F160424004C0B66 /* Debug */ = {
			isa = XCBuildConfiguration;
			buildSettings = {
				ALWAYS_SEARCH_USER_PATHS = NO;
				CLANG_ANALYZER_NONNULL = YES;
				CLANG_ANALYZER_NUMBER_OBJECT_CONVERSION = YES_AGGRESSIVE;
				CLANG_CXX_LANGUAGE_STANDARD = "gnu++0x";
				CLANG_CXX_LIBRARY = "libc++";
				CLANG_ENABLE_MODULES = YES;
				CLANG_ENABLE_OBJC_ARC = YES;
				CLANG_WARN_BOOL_CONVERSION = YES;
				CLANG_WARN_CONSTANT_CONVERSION = YES;
				CLANG_WARN_DIRECT_OBJC_ISA_USAGE = YES_ERROR;
				CLANG_WARN_DOCUMENTATION_COMMENTS = YES;
				CLANG_WARN_EMPTY_BODY = YES;
				CLANG_WARN_ENUM_CONVERSION = YES;
				CLANG_WARN_INFINITE_RECURSION = YES;
				CLANG_WARN_INT_CONVERSION = YES;
				CLANG_WARN_OBJC_ROOT_CLASS = YES_ERROR;
				CLANG_WARN_SUSPICIOUS_MOVE = YES;
				CLANG_WARN_UNREACHABLE_CODE = YES;
				CLANG_WARN__DUPLICATE_METHOD_MATCH = YES;
				"CODE_SIGN_IDENTITY[sdk=iphoneos*]" = "iPhone Developer";
				COPY_PHASE_STRIP = NO;
				DEBUG_INFORMATION_FORMAT = dwarf;
				ENABLE_STRICT_OBJC_MSGSEND = YES;
				ENABLE_TESTABILITY = YES;
				GCC_C_LANGUAGE_STANDARD = gnu99;
				GCC_DYNAMIC_NO_PIC = NO;
				GCC_NO_COMMON_BLOCKS = YES;
				GCC_OPTIMIZATION_LEVEL = 0;
				GCC_PREPROCESSOR_DEFINITIONS = (
					"DEBUG=1",
					"$(inherited)",
				);
				GCC_WARN_64_TO_32_BIT_CONVERSION = YES;
				GCC_WARN_ABOUT_RETURN_TYPE = YES_ERROR;
				GCC_WARN_UNDECLARED_SELECTOR = YES;
				GCC_WARN_UNINITIALIZED_AUTOS = YES_AGGRESSIVE;
				GCC_WARN_UNUSED_FUNCTION = YES;
				GCC_WARN_UNUSED_VARIABLE = YES;
				IPHONEOS_DEPLOYMENT_TARGET = 10.3;
				MTL_ENABLE_DEBUG_INFO = YES;
				ONLY_ACTIVE_ARCH = YES;
				SDKROOT = iphoneos;
				SWIFT_ACTIVE_COMPILATION_CONDITIONS = DEBUG;
				SWIFT_OPTIMIZATION_LEVEL = "-Onone";
				TARGETED_DEVICE_FAMILY = "1,2";
			};
			name = Debug;
		};
		1699F8351F160424004C0B66 /* Release */ = {
			isa = XCBuildConfiguration;
			buildSettings = {
				ALWAYS_SEARCH_USER_PATHS = NO;
				CLANG_ANALYZER_NONNULL = YES;
				CLANG_ANALYZER_NUMBER_OBJECT_CONVERSION = YES_AGGRESSIVE;
				CLANG_CXX_LANGUAGE_STANDARD = "gnu++0x";
				CLANG_CXX_LIBRARY = "libc++";
				CLANG_ENABLE_MODULES = YES;
				CLANG_ENABLE_OBJC_ARC = YES;
				CLANG_WARN_BOOL_CONVERSION = YES;
				CLANG_WARN_CONSTANT_CONVERSION = YES;
				CLANG_WARN_DIRECT_OBJC_ISA_USAGE = YES_ERROR;
				CLANG_WARN_DOCUMENTATION_COMMENTS = YES;
				CLANG_WARN_EMPTY_BODY = YES;
				CLANG_WARN_ENUM_CONVERSION = YES;
				CLANG_WARN_INFINITE_RECURSION = YES;
				CLANG_WARN_INT_CONVERSION = YES;
				CLANG_WARN_OBJC_ROOT_CLASS = YES_ERROR;
				CLANG_WARN_SUSPICIOUS_MOVE = YES;
				CLANG_WARN_UNREACHABLE_CODE = YES;
				CLANG_WARN__DUPLICATE_METHOD_MATCH = YES;
				"CODE_SIGN_IDENTITY[sdk=iphoneos*]" = "iPhone Developer";
				COPY_PHASE_STRIP = NO;
				DEBUG_INFORMATION_FORMAT = "dwarf-with-dsym";
				ENABLE_NS_ASSERTIONS = NO;
				ENABLE_STRICT_OBJC_MSGSEND = YES;
				GCC_C_LANGUAGE_STANDARD = gnu99;
				GCC_NO_COMMON_BLOCKS = YES;
				GCC_WARN_64_TO_32_BIT_CONVERSION = YES;
				GCC_WARN_ABOUT_RETURN_TYPE = YES_ERROR;
				GCC_WARN_UNDECLARED_SELECTOR = YES;
				GCC_WARN_UNINITIALIZED_AUTOS = YES_AGGRESSIVE;
				GCC_WARN_UNUSED_FUNCTION = YES;
				GCC_WARN_UNUSED_VARIABLE = YES;
				IPHONEOS_DEPLOYMENT_TARGET = 10.3;
				MTL_ENABLE_DEBUG_INFO = NO;
				SDKROOT = iphoneos;
				SWIFT_OPTIMIZATION_LEVEL = "-Owholemodule";
				TARGETED_DEVICE_FAMILY = "1,2";
				VALIDATE_PRODUCT = YES;
			};
			name = Release;
		};
		1699F8371F160424004C0B66 /* Debug */ = {
			isa = XCBuildConfiguration;
			baseConfigurationReference = 80E5489C48DADBAACF184608 /* Pods-JinRong.debug.xcconfig */;
			buildSettings = {
				ASSETCATALOG_COMPILER_APPICON_NAME = AppIcon;
				DEVELOPMENT_TEAM = ZY88EWA94M;
				INFOPLIST_FILE = JinRong/Info.plist;
				IPHONEOS_DEPLOYMENT_TARGET = 8.0;
				LD_RUNPATH_SEARCH_PATHS = "$(inherited) @executable_path/Frameworks";
				PRODUCT_BUNDLE_IDENTIFIER = com.test.JinRong;
				PRODUCT_NAME = "$(TARGET_NAME)";
				SWIFT_VERSION = 3.0;
			};
			name = Debug;
		};
		1699F8381F160424004C0B66 /* Release */ = {
			isa = XCBuildConfiguration;
			baseConfigurationReference = 2537D79DAE90681DB8689C49 /* Pods-JinRong.release.xcconfig */;
			buildSettings = {
				ASSETCATALOG_COMPILER_APPICON_NAME = AppIcon;
				DEVELOPMENT_TEAM = ZY88EWA94M;
				INFOPLIST_FILE = JinRong/Info.plist;
				IPHONEOS_DEPLOYMENT_TARGET = 8.0;
				LD_RUNPATH_SEARCH_PATHS = "$(inherited) @executable_path/Frameworks";
				PRODUCT_BUNDLE_IDENTIFIER = com.test.JinRong;
				PRODUCT_NAME = "$(TARGET_NAME)";
				SWIFT_VERSION = 3.0;
			};
			name = Release;
		};
		1699F83A1F160424004C0B66 /* Debug */ = {
			isa = XCBuildConfiguration;
			baseConfigurationReference = 8E1043B6634AFB211E3383AA /* Pods-JinRongTests.debug.xcconfig */;
			buildSettings = {
				ALWAYS_EMBED_SWIFT_STANDARD_LIBRARIES = YES;
				BUNDLE_LOADER = "$(TEST_HOST)";
				DEVELOPMENT_TEAM = ZY88EWA94M;
				INFOPLIST_FILE = JinRongTests/Info.plist;
				LD_RUNPATH_SEARCH_PATHS = "$(inherited) @executable_path/Frameworks @loader_path/Frameworks";
				PRODUCT_BUNDLE_IDENTIFIER = com.test.JinRongTests;
				PRODUCT_NAME = "$(TARGET_NAME)";
				SWIFT_VERSION = 3.0;
				TEST_HOST = "$(BUILT_PRODUCTS_DIR)/JinRong.app/JinRong";
			};
			name = Debug;
		};
		1699F83B1F160424004C0B66 /* Release */ = {
			isa = XCBuildConfiguration;
			baseConfigurationReference = 5A9130589501CEA61A769ABD /* Pods-JinRongTests.release.xcconfig */;
			buildSettings = {
				ALWAYS_EMBED_SWIFT_STANDARD_LIBRARIES = YES;
				BUNDLE_LOADER = "$(TEST_HOST)";
				DEVELOPMENT_TEAM = ZY88EWA94M;
				INFOPLIST_FILE = JinRongTests/Info.plist;
				LD_RUNPATH_SEARCH_PATHS = "$(inherited) @executable_path/Frameworks @loader_path/Frameworks";
				PRODUCT_BUNDLE_IDENTIFIER = com.test.JinRongTests;
				PRODUCT_NAME = "$(TARGET_NAME)";
				SWIFT_VERSION = 3.0;
				TEST_HOST = "$(BUILT_PRODUCTS_DIR)/JinRong.app/JinRong";
			};
			name = Release;
		};
		1699F83D1F160424004C0B66 /* Debug */ = {
			isa = XCBuildConfiguration;
			baseConfigurationReference = E7D62D5C98476ECC39B9B499 /* Pods-JinRongUITests.debug.xcconfig */;
			buildSettings = {
				ALWAYS_EMBED_SWIFT_STANDARD_LIBRARIES = YES;
				DEVELOPMENT_TEAM = ZY88EWA94M;
				INFOPLIST_FILE = JinRongUITests/Info.plist;
				LD_RUNPATH_SEARCH_PATHS = "$(inherited) @executable_path/Frameworks @loader_path/Frameworks";
				PRODUCT_BUNDLE_IDENTIFIER = com.test.JinRongUITests;
				PRODUCT_NAME = "$(TARGET_NAME)";
				SWIFT_VERSION = 3.0;
				TEST_TARGET_NAME = JinRong;
			};
			name = Debug;
		};
		1699F83E1F160424004C0B66 /* Release */ = {
			isa = XCBuildConfiguration;
			baseConfigurationReference = 9C65F0F775994FD41CB6E162 /* Pods-JinRongUITests.release.xcconfig */;
			buildSettings = {
				ALWAYS_EMBED_SWIFT_STANDARD_LIBRARIES = YES;
				DEVELOPMENT_TEAM = ZY88EWA94M;
				INFOPLIST_FILE = JinRongUITests/Info.plist;
				LD_RUNPATH_SEARCH_PATHS = "$(inherited) @executable_path/Frameworks @loader_path/Frameworks";
				PRODUCT_BUNDLE_IDENTIFIER = com.test.JinRongUITests;
				PRODUCT_NAME = "$(TARGET_NAME)";
				SWIFT_VERSION = 3.0;
				TEST_TARGET_NAME = JinRong;
			};
			name = Release;
		};
/* End XCBuildConfiguration section */

/* Begin XCConfigurationList section */
		1699F8091F160424004C0B66 /* Build configuration list for PBXProject "JinRong" */ = {
			isa = XCConfigurationList;
			buildConfigurations = (
				1699F8341F160424004C0B66 /* Debug */,
				1699F8351F160424004C0B66 /* Release */,
			);
			defaultConfigurationIsVisible = 0;
			defaultConfigurationName = Release;
		};
		1699F8361F160424004C0B66 /* Build configuration list for PBXNativeTarget "JinRong" */ = {
			isa = XCConfigurationList;
			buildConfigurations = (
				1699F8371F160424004C0B66 /* Debug */,
				1699F8381F160424004C0B66 /* Release */,
			);
			defaultConfigurationIsVisible = 0;
			defaultConfigurationName = Release;
		};
		1699F8391F160424004C0B66 /* Build configuration list for PBXNativeTarget "JinRongTests" */ = {
			isa = XCConfigurationList;
			buildConfigurations = (
				1699F83A1F160424004C0B66 /* Debug */,
				1699F83B1F160424004C0B66 /* Release */,
			);
			defaultConfigurationIsVisible = 0;
			defaultConfigurationName = Release;
		};
		1699F83C1F160424004C0B66 /* Build configuration list for PBXNativeTarget "JinRongUITests" */ = {
			isa = XCConfigurationList;
			buildConfigurations = (
				1699F83D1F160424004C0B66 /* Debug */,
				1699F83E1F160424004C0B66 /* Release */,
			);
			defaultConfigurationIsVisible = 0;
			defaultConfigurationName = Release;
		};
/* End XCConfigurationList section */
	};
	rootObject = 1699F8061F160424004C0B66 /* Project object */;
}
