PODS:
  - Alamofire (4.5.0)
  - DGElasticPullToRefresh (1.1)
  - LLPaySDK (2.6.7)
  - NVActivityIndicatorView (3.6.1)
  - ObjectMapper (2.2.8)
  - PKHUD (4.2.3)
  - SnapKit (3.2.0)

DEPENDENCIES:
  - Alamofire (~> 4.5.0)
  - DGElasticPullToRefresh (~> 1.1)
  - LLPaySDK
  - NVActivityIndicatorView (~> 3.6.1)
  - ObjectMapper (~> 2.2.8)
  - PKHUD (~> 4.2.3)
  - SnapKit (~> 3.2.0)

SPEC CHECKSUMS:
  Alamofire: f28cdffd29de33a7bfa022cbd63ae95a27fae140
  DGElasticPullToRefresh: 28f11a6026302a90f8ffebbc6e24748e584dddd3
  LLPaySDK: 78e93a7cd66d5d891118fdfb63063ffc8cd8ea3a
  NVActivityIndicatorView: 9f52a7f84bf5c6a798722c450fe3c198e01c56ed
  ObjectMapper: 3d571bb5af471c779e1160828cd9ad5c4ef90958
  PKHUD: c7692163a09875cbf15827dc581df3c5cf7f1015
  SnapKit: 1ca44df72cfa543218d177cb8aab029d10d86ea7

PODFILE CHECKSUM: 659d61a3ea0e678e2e7dabfd359094ccfeaf3dc4

COCOAPODS: 1.2.0
