PODS:
  - Alamofire (4.5.0)
  - NVActivityIndicatorView (3.6.1)
  - ObjectMapper (2.2.8)
  - SnapKit (3.2.0)

DEPENDENCIES:
  - Alamofire (~> 4.5.0)
  - NVActivityIndicatorView (~> 3.6.1)
  - ObjectMapper (~> 2.2.8)
  - SnapKit (~> 3.2.0)

SPEC CHECKSUMS:
  Alamofire: f28cdffd29de33a7bfa022cbd63ae95a27fae140
  NVActivityIndicatorView: 9f52a7f84bf5c6a798722c450fe3c198e01c56ed
  ObjectMapper: 3d571bb5af471c779e1160828cd9ad5c4ef90958
  SnapKit: 1ca44df72cfa543218d177cb8aab029d10d86ea7

PODFILE CHECKSUM: ef76fb54488ba4450a93a00df053cc050cc30354

COCOAPODS: 1.2.0
